
Microsoft Visual Studio Solution File, Format Version 12.00
# Visual Studio 14
VisualStudioVersion = 14.0.23107.0
MinimumVisualStudioVersion = 10.0.40219.1
Project("{FAE04EC0-301F-11D3-BF4B-00C04F79EFBC}") = "QuickSort", "QuickSort\QuickSort.csproj", "{B36346DB-EC40-4D9F-8875-2C691EEB73A3}"
EndProject
Global
	GlobalSection(SolutionConfigurationPlatforms) = preSolution
		Debug|Any CPU = Debug|Any CPU
		Release|Any CPU = Release|Any CPU
	EndGlobalSection
	GlobalSection(ProjectConfigurationPlatforms) = postSolution
		{B36346DB-EC40-4D9F-8875-2C691EEB73A3}.Debug|Any CPU.ActiveCfg = Debug|Any CPU
		{B36346DB-EC40-4D9F-8875-2C691EEB73A3}.Debug|Any CPU.Build.0 = Debug|Any CPU
		{B36346DB-EC40-4D9F-8875-2C691EEB73A3}.Release|Any CPU.ActiveCfg = Release|Any CPU
		{B36346DB-EC40-4D9F-8875-2C691EEB73A3}.Release|Any CPU.Build.0 = Release|Any CPU
	EndGlobalSection
	GlobalSection(SolutionProperties) = preSolution
		HideSolutionNode = FALSE
	EndGlobalSection
EndGlobal
